
Microsoft Visual Studio Solution File, Format Version 12.00
# Visual Studio 15
VisualStudioVersion = 15.0.28307.271
MinimumVisualStudioVersion = 10.0.40219.1
Project("{9A19103F-16F7-4668-BE54-9A1E7A4F7556}") = "DeviceHarness", "DeviceHarness.csproj", "{E30B7CB0-BAA8-4AF0-B5D8-3B076852A3AC}"
EndProject
Global
	GlobalSection(SolutionConfigurationPlatforms) = preSolution
		Debug|Any CPU = Debug|Any CPU
		Release|Any CPU = Release|Any CPU
	EndGlobalSection
	GlobalSection(ProjectConfigurationPlatforms) = postSolution
		{E30B7CB0-BAA8-4AF0-B5D8-3B076852A3AC}.Debug|Any CPU.ActiveCfg = Debug|Any CPU
		{E30B7CB0-BAA8-4AF0-B5D8-3B076852A3AC}.Debug|Any CPU.Build.0 = Debug|Any CPU
		{E30B7CB0-BAA8-4AF0-B5D8-3B076852A3AC}.Release|Any CPU.ActiveCfg = Release|Any CPU
		{E30B7CB0-BAA8-4AF0-B5D8-3B076852A3AC}.Release|Any CPU.Build.0 = Release|Any CPU
	EndGlobalSection
	GlobalSection(SolutionProperties) = preSolution
		HideSolutionNode = FALSE
	EndGlobalSection
	GlobalSection(ExtensibilityGlobals) = postSolution
		SolutionGuid = {44675CBD-7E1B-4761-B971-01404AB3E550}
	EndGlobalSection
EndGlobal
